// !$*UTF8*$!
{
	archiveVersion = 1;
	classes = {
	};
	objectVersion = 50;
	objects = {

/* Begin PBXBuildFile section */
		79D23DE12710FC56003DBB07 /* AppDelegate.swift in Sources */ = {isa = PBXBuildFile; fileRef = 79D23DE02710FC56003DBB07 /* AppDelegate.swift */; };
		79D23DE32710FC56003DBB07 /* SceneDelegate.swift in Sources */ = {isa = PBXBuildFile; fileRef = 79D23DE22710FC56003DBB07 /* SceneDelegate.swift */; };
		79D23DE52710FC56003DBB07 /* ViewController.swift in Sources */ = {isa = PBXBuildFile; fileRef = 79D23DE42710FC56003DBB07 /* ViewController.swift */; };
		79D23DE82710FC56003DBB07 /* Main.storyboard in Resources */ = {isa = PBXBuildFile; fileRef = 79D23DE62710FC56003DBB07 /* Main.storyboard */; };
		79D23DEA2710FC59003DBB07 /* Assets.xcassets in Resources */ = {isa = PBXBuildFile; fileRef = 79D23DE92710FC59003DBB07 /* Assets.xcassets */; };
		79D23DED2710FC59003DBB07 /* LaunchScreen.storyboard in Resources */ = {isa = PBXBuildFile; fileRef = 79D23DEB2710FC59003DBB07 /* LaunchScreen.storyboard */; };
		79D23DFE2710FC95003DBB07 /* TemplateInfo.plist in Resources */ = {isa = PBXBuildFile; fileRef = 79D23DF62710FC95003DBB07 /* TemplateInfo.plist */; };
		79D23DFF2710FC95003DBB07 /* ___FILEBASENAME___Interactor.swift in Sources */ = {isa = PBXBuildFile; fileRef = 79D23DF72710FC95003DBB07 /* ___FILEBASENAME___Interactor.swift */; };
		79D23E002710FC95003DBB07 /* ___FILEBASENAME___Presenter.swift in Sources */ = {isa = PBXBuildFile; fileRef = 79D23DF82710FC95003DBB07 /* ___FILEBASENAME___Presenter.swift */; };
		79D23E012710FC95003DBB07 /* ___FILEBASENAME___Configurator.swift in Sources */ = {isa = PBXBuildFile; fileRef = 79D23DF92710FC95003DBB07 /* ___FILEBASENAME___Configurator.swift */; };
		79D23E022710FC95003DBB07 /* ___FILEBASENAME___Coordinator.swift in Sources */ = {isa = PBXBuildFile; fileRef = 79D23DFA2710FC95003DBB07 /* ___FILEBASENAME___Coordinator.swift */; };
		79D23E032710FC95003DBB07 /* TemplateIcon.png in Resources */ = {isa = PBXBuildFile; fileRef = 79D23DFB2710FC95003DBB07 /* TemplateIcon.png */; };
		79D23E042710FC95003DBB07 /* TemplateIcon@2x.png in Resources */ = {isa = PBXBuildFile; fileRef = 79D23DFC2710FC95003DBB07 /* TemplateIcon@2x.png */; };
		79D23E052710FC95003DBB07 /* ___FILEBASENAME___ViewController.swift in Sources */ = {isa = PBXBuildFile; fileRef = 79D23DFD2710FC95003DBB07 /* ___FILEBASENAME___ViewController.swift */; };
		79D23E0E2710FE84003DBB07 /* ViewControllerType.swift in Sources */ = {isa = PBXBuildFile; fileRef = 79D23E092710FE84003DBB07 /* ViewControllerType.swift */; };
		79D23E0F2710FE84003DBB07 /* CoordinatorType.swift in Sources */ = {isa = PBXBuildFile; fileRef = 79D23E0A2710FE84003DBB07 /* CoordinatorType.swift */; };
		79D23E102710FE84003DBB07 /* PresenterType.swift in Sources */ = {isa = PBXBuildFile; fileRef = 79D23E0B2710FE84003DBB07 /* PresenterType.swift */; };
		79D23E112710FE84003DBB07 /* ModuleLayersBinderType.swift in Sources */ = {isa = PBXBuildFile; fileRef = 79D23E0C2710FE84003DBB07 /* ModuleLayersBinderType.swift */; };
		79D23E122710FE84003DBB07 /* InteractorType.swift in Sources */ = {isa = PBXBuildFile; fileRef = 79D23E0D2710FE84003DBB07 /* InteractorType.swift */; };
/* End PBXBuildFile section */

/* Begin PBXFileReference section */
		79D23DDD2710FC56003DBB07 /* CleanSwiftCombineTemplate.app */ = {isa = PBXFileReference; explicitFileType = wrapper.application; includeInIndex = 0; path = CleanSwiftCombineTemplate.app; sourceTree = BUILT_PRODUCTS_DIR; };
		79D23DE02710FC56003DBB07 /* AppDelegate.swift */ = {isa = PBXFileReference; lastKnownFileType = sourcecode.swift; path = AppDelegate.swift; sourceTree = "<group>"; };
		79D23DE22710FC56003DBB07 /* SceneDelegate.swift */ = {isa = PBXFileReference; lastKnownFileType = sourcecode.swift; path = SceneDelegate.swift; sourceTree = "<group>"; };
		79D23DE42710FC56003DBB07 /* ViewController.swift */ = {isa = PBXFileReference; lastKnownFileType = sourcecode.swift; path = ViewController.swift; sourceTree = "<group>"; };
		79D23DE72710FC56003DBB07 /* Base */ = {isa = PBXFileReference; lastKnownFileType = file.storyboard; name = Base; path = Base.lproj/Main.storyboard; sourceTree = "<group>"; };
		79D23DE92710FC59003DBB07 /* Assets.xcassets */ = {isa = PBXFileReference; lastKnownFileType = folder.assetcatalog; path = Assets.xcassets; sourceTree = "<group>"; };
		79D23DEC2710FC59003DBB07 /* Base */ = {isa = PBXFileReference; lastKnownFileType = file.storyboard; name = Base; path = Base.lproj/LaunchScreen.storyboard; sourceTree = "<group>"; };
		79D23DEE2710FC59003DBB07 /* Info.plist */ = {isa = PBXFileReference; lastKnownFileType = text.plist.xml; path = Info.plist; sourceTree = "<group>"; };
		79D23DF62710FC95003DBB07 /* TemplateInfo.plist */ = {isa = PBXFileReference; fileEncoding = 4; lastKnownFileType = text.plist.xml; path = TemplateInfo.plist; sourceTree = "<group>"; };
		79D23DF72710FC95003DBB07 /* ___FILEBASENAME___Interactor.swift */ = {isa = PBXFileReference; fileEncoding = 4; lastKnownFileType = sourcecode.swift; path = "___FILEBASENAME___Interactor.swift"; sourceTree = "<group>"; };
		79D23DF82710FC95003DBB07 /* ___FILEBASENAME___Presenter.swift */ = {isa = PBXFileReference; fileEncoding = 4; lastKnownFileType = sourcecode.swift; path = "___FILEBASENAME___Presenter.swift"; sourceTree = "<group>"; };
		79D23DF92710FC95003DBB07 /* ___FILEBASENAME___Configurator.swift */ = {isa = PBXFileReference; fileEncoding = 4; lastKnownFileType = sourcecode.swift; path = "___FILEBASENAME___Configurator.swift"; sourceTree = "<group>"; };
		79D23DFA2710FC95003DBB07 /* ___FILEBASENAME___Coordinator.swift */ = {isa = PBXFileReference; fileEncoding = 4; lastKnownFileType = sourcecode.swift; path = "___FILEBASENAME___Coordinator.swift"; sourceTree = "<group>"; };
		79D23DFB2710FC95003DBB07 /* TemplateIcon.png */ = {isa = PBXFileReference; lastKnownFileType = image.png; path = TemplateIcon.png; sourceTree = "<group>"; };
		79D23DFC2710FC95003DBB07 /* TemplateIcon@2x.png */ = {isa = PBXFileReference; lastKnownFileType = image.png; path = "TemplateIcon@2x.png"; sourceTree = "<group>"; };
		79D23DFD2710FC95003DBB07 /* ___FILEBASENAME___ViewController.swift */ = {isa = PBXFileReference; fileEncoding = 4; lastKnownFileType = sourcecode.swift; path = "___FILEBASENAME___ViewController.swift"; sourceTree = "<group>"; };
		79D23E092710FE84003DBB07 /* ViewControllerType.swift */ = {isa = PBXFileReference; fileEncoding = 4; lastKnownFileType = sourcecode.swift; path = ViewControllerType.swift; sourceTree = "<group>"; };
		79D23E0A2710FE84003DBB07 /* CoordinatorType.swift */ = {isa = PBXFileReference; fileEncoding = 4; lastKnownFileType = sourcecode.swift; path = CoordinatorType.swift; sourceTree = "<group>"; };
		79D23E0B2710FE84003DBB07 /* PresenterType.swift */ = {isa = PBXFileReference; fileEncoding = 4; lastKnownFileType = sourcecode.swift; path = PresenterType.swift; sourceTree = "<group>"; };
		79D23E0C2710FE84003DBB07 /* ModuleLayersBinderType.swift */ = {isa = PBXFileReference; fileEncoding = 4; lastKnownFileType = sourcecode.swift; path = ModuleLayersBinderType.swift; sourceTree = "<group>"; };
		79D23E0D2710FE84003DBB07 /* InteractorType.swift */ = {isa = PBXFileReference; fileEncoding = 4; lastKnownFileType = sourcecode.swift; path = InteractorType.swift; sourceTree = "<group>"; };
/* End PBXFileReference section */

/* Begin PBXFrameworksBuildPhase section */
		79D23DDA2710FC56003DBB07 /* Frameworks */ = {
			isa = PBXFrameworksBuildPhase;
			buildActionMask = 2147483647;
			files = (
			);
			runOnlyForDeploymentPostprocessing = 0;
		};
/* End PBXFrameworksBuildPhase section */

/* Begin PBXGroup section */
		79D23DD42710FC56003DBB07 = {
			isa = PBXGroup;
			children = (
				79D23DDF2710FC56003DBB07 /* CleanSwiftCombineTemplate */,
				79D23DDE2710FC56003DBB07 /* Products */,
			);
			sourceTree = "<group>";
		};
		79D23DDE2710FC56003DBB07 /* Products */ = {
			isa = PBXGroup;
			children = (
				79D23DDD2710FC56003DBB07 /* CleanSwiftCombineTemplate.app */,
			);
			name = Products;
			sourceTree = "<group>";
		};
		79D23DDF2710FC56003DBB07 /* CleanSwiftCombineTemplate */ = {
			isa = PBXGroup;
			children = (
				79D23E082710FE66003DBB07 /* CleanSwiftComponents */,
				79D23DF52710FC6A003DBB07 /* TemplateFiles */,
				79D23DE02710FC56003DBB07 /* AppDelegate.swift */,
				79D23DE22710FC56003DBB07 /* SceneDelegate.swift */,
				79D23DE42710FC56003DBB07 /* ViewController.swift */,
				79D23DE62710FC56003DBB07 /* Main.storyboard */,
				79D23DE92710FC59003DBB07 /* Assets.xcassets */,
				79D23DEB2710FC59003DBB07 /* LaunchScreen.storyboard */,
				79D23DEE2710FC59003DBB07 /* Info.plist */,
			);
			path = CleanSwiftCombineTemplate;
			sourceTree = "<group>";
		};
		79D23DF52710FC6A003DBB07 /* TemplateFiles */ = {
			isa = PBXGroup;
			children = (
				79D23DF92710FC95003DBB07 /* ___FILEBASENAME___Configurator.swift */,
				79D23DFA2710FC95003DBB07 /* ___FILEBASENAME___Coordinator.swift */,
				79D23DF72710FC95003DBB07 /* ___FILEBASENAME___Interactor.swift */,
				79D23DF82710FC95003DBB07 /* ___FILEBASENAME___Presenter.swift */,
				79D23DFD2710FC95003DBB07 /* ___FILEBASENAME___ViewController.swift */,
				79D23DFB2710FC95003DBB07 /* TemplateIcon.png */,
				79D23DFC2710FC95003DBB07 /* TemplateIcon@2x.png */,
				79D23DF62710FC95003DBB07 /* TemplateInfo.plist */,
			);
			path = TemplateFiles;
			sourceTree = "<group>";
		};
		79D23E082710FE66003DBB07 /* CleanSwiftComponents */ = {
			isa = PBXGroup;
			children = (
				79D23E092710FE84003DBB07 /* ViewControllerType.swift */,
				79D23E0D2710FE84003DBB07 /* InteractorType.swift */,
				79D23E0B2710FE84003DBB07 /* PresenterType.swift */,
				79D23E0C2710FE84003DBB07 /* ModuleLayersBinderType.swift */,
				79D23E0A2710FE84003DBB07 /* CoordinatorType.swift */,
			);
			path = CleanSwiftComponents;
			sourceTree = "<group>";
		};
/* End PBXGroup section */

/* Begin PBXNativeTarget section */
		79D23DDC2710FC56003DBB07 /* CleanSwiftCombineTemplate */ = {
			isa = PBXNativeTarget;
			buildConfigurationList = 79D23DF12710FC59003DBB07 /* Build configuration list for PBXNativeTarget "CleanSwiftCombineTemplate" */;
			buildPhases = (
				79D23DD92710FC56003DBB07 /* Sources */,
				79D23DDA2710FC56003DBB07 /* Frameworks */,
				79D23DDB2710FC56003DBB07 /* Resources */,
			);
			buildRules = (
			);
			dependencies = (
			);
			name = CleanSwiftCombineTemplate;
			productName = CleanSwiftCombineTemplate;
			productReference = 79D23DDD2710FC56003DBB07 /* CleanSwiftCombineTemplate.app */;
			productType = "com.apple.product-type.application";
		};
/* End PBXNativeTarget section */

/* Begin PBXProject section */
		79D23DD52710FC56003DBB07 /* Project object */ = {
			isa = PBXProject;
			attributes = {
				LastSwiftUpdateCheck = 1240;
				LastUpgradeCheck = 1240;
				TargetAttributes = {
					79D23DDC2710FC56003DBB07 = {
						CreatedOnToolsVersion = 12.4;
					};
				};
			};
			buildConfigurationList = 79D23DD82710FC56003DBB07 /* Build configuration list for PBXProject "CleanSwiftCombineTemplate" */;
			compatibilityVersion = "Xcode 9.3";
			developmentRegion = en;
			hasScannedForEncodings = 0;
			knownRegions = (
				en,
				Base,
			);
			mainGroup = 79D23DD42710FC56003DBB07;
			productRefGroup = 79D23DDE2710FC56003DBB07 /* Products */;
			projectDirPath = "";
			projectRoot = "";
			targets = (
				79D23DDC2710FC56003DBB07 /* CleanSwiftCombineTemplate */,
			);
		};
/* End PBXProject section */

/* Begin PBXResourcesBuildPhase section */
		79D23DDB2710FC56003DBB07 /* Resources */ = {
			isa = PBXResourcesBuildPhase;
			buildActionMask = 2147483647;
			files = (
				79D23DFE2710FC95003DBB07 /* TemplateInfo.plist in Resources */,
				79D23DED2710FC59003DBB07 /* LaunchScreen.storyboard in Resources */,
				79D23DEA2710FC59003DBB07 /* Assets.xcassets in Resources */,
				79D23E032710FC95003DBB07 /* TemplateIcon.png in Resources */,
				79D23DE82710FC56003DBB07 /* Main.storyboard in Resources */,
				79D23E042710FC95003DBB07 /* TemplateIcon@2x.png in Resources */,
			);
			runOnlyForDeploymentPostprocessing = 0;
		};
/* End PBXResourcesBuildPhase section */

/* Begin PBXSourcesBuildPhase section */
		79D23DD92710FC56003DBB07 /* Sources */ = {
			isa = PBXSourcesBuildPhase;
			buildActionMask = 2147483647;
			files = (
				79D23E012710FC95003DBB07 /* ___FILEBASENAME___Configurator.swift in Sources */,
				79D23E022710FC95003DBB07 /* ___FILEBASENAME___Coordinator.swift in Sources */,
				79D23DE52710FC56003DBB07 /* ViewController.swift in Sources */,
				79D23DE12710FC56003DBB07 /* AppDelegate.swift in Sources */,
				79D23E122710FE84003DBB07 /* InteractorType.swift in Sources */,
				79D23E0F2710FE84003DBB07 /* CoordinatorType.swift in Sources */,
				79D23E102710FE84003DBB07 /* PresenterType.swift in Sources */,
				79D23DFF2710FC95003DBB07 /* ___FILEBASENAME___Interactor.swift in Sources */,
				79D23E112710FE84003DBB07 /* ModuleLayersBinderType.swift in Sources */,
				79D23E002710FC95003DBB07 /* ___FILEBASENAME___Presenter.swift in Sources */,
				79D23E052710FC95003DBB07 /* ___FILEBASENAME___ViewController.swift in Sources */,
				79D23DE32710FC56003DBB07 /* SceneDelegate.swift in Sources */,
				79D23E0E2710FE84003DBB07 /* ViewControllerType.swift in Sources */,
			);
			runOnlyForDeploymentPostprocessing = 0;
		};
/* End PBXSourcesBuildPhase section */

/* Begin PBXVariantGroup section */
		79D23DE62710FC56003DBB07 /* Main.storyboard */ = {
			isa = PBXVariantGroup;
			children = (
				79D23DE72710FC56003DBB07 /* Base */,
			);
			name = Main.storyboard;
			sourceTree = "<group>";
		};
		79D23DEB2710FC59003DBB07 /* LaunchScreen.storyboard */ = {
			isa = PBXVariantGroup;
			children = (
				79D23DEC2710FC59003DBB07 /* Base */,
			);
			name = LaunchScreen.storyboard;
			sourceTree = "<group>";
		};
/* End PBXVariantGroup section */

/* Begin XCBuildConfiguration section */
		79D23DEF2710FC59003DBB07 /* Debug */ = {
			isa = XCBuildConfiguration;
			buildSettings = {
				ALWAYS_SEARCH_USER_PATHS = NO;
				CLANG_ANALYZER_NONNULL = YES;
				CLANG_ANALYZER_NUMBER_OBJECT_CONVERSION = YES_AGGRESSIVE;
				CLANG_CXX_LANGUAGE_STANDARD = "gnu++14";
				CLANG_CXX_LIBRARY = "libc++";
				CLANG_ENABLE_MODULES = YES;
				CLANG_ENABLE_OBJC_ARC = YES;
				CLANG_ENABLE_OBJC_WEAK = YES;
				CLANG_WARN_BLOCK_CAPTURE_AUTORELEASING = YES;
				CLANG_WARN_BOOL_CONVERSION = YES;
				CLANG_WARN_COMMA = YES;
				CLANG_WARN_CONSTANT_CONVERSION = YES;
				CLANG_WARN_DEPRECATED_OBJC_IMPLEMENTATIONS = YES;
				CLANG_WARN_DIRECT_OBJC_ISA_USAGE = YES_ERROR;
				CLANG_WARN_DOCUMENTATION_COMMENTS = YES;
				CLANG_WARN_EMPTY_BODY = YES;
				CLANG_WARN_ENUM_CONVERSION = YES;
				CLANG_WARN_INFINITE_RECURSION = YES;
				CLANG_WARN_INT_CONVERSION = YES;
				CLANG_WARN_NON_LITERAL_NULL_CONVERSION = YES;
				CLANG_WARN_OBJC_IMPLICIT_RETAIN_SELF = YES;
				CLANG_WARN_OBJC_LITERAL_CONVERSION = YES;
				CLANG_WARN_OBJC_ROOT_CLASS = YES_ERROR;
				CLANG_WARN_QUOTED_INCLUDE_IN_FRAMEWORK_HEADER = YES;
				CLANG_WARN_RANGE_LOOP_ANALYSIS = YES;
				CLANG_WARN_STRICT_PROTOTYPES = YES;
				CLANG_WARN_SUSPICIOUS_MOVE = YES;
				CLANG_WARN_UNGUARDED_AVAILABILITY = YES_AGGRESSIVE;
				CLANG_WARN_UNREACHABLE_CODE = YES;
				CLANG_WARN__DUPLICATE_METHOD_MATCH = YES;
				COPY_PHASE_STRIP = NO;
				DEBUG_INFORMATION_FORMAT = dwarf;
				ENABLE_STRICT_OBJC_MSGSEND = YES;
				ENABLE_TESTABILITY = YES;
				GCC_C_LANGUAGE_STANDARD = gnu11;
				GCC_DYNAMIC_NO_PIC = NO;
				GCC_NO_COMMON_BLOCKS = YES;
				GCC_OPTIMIZATION_LEVEL = 0;
				GCC_PREPROCESSOR_DEFINITIONS = (
					"DEBUG=1",
					"$(inherited)",
				);
				GCC_WARN_64_TO_32_BIT_CONVERSION = YES;
				GCC_WARN_ABOUT_RETURN_TYPE = YES_ERROR;
				GCC_WARN_UNDECLARED_SELECTOR = YES;
				GCC_WARN_UNINITIALIZED_AUTOS = YES_AGGRESSIVE;
				GCC_WARN_UNUSED_FUNCTION = YES;
				GCC_WARN_UNUSED_VARIABLE = YES;
				IPHONEOS_DEPLOYMENT_TARGET = 14.4;
				MTL_ENABLE_DEBUG_INFO = INCLUDE_SOURCE;
				MTL_FAST_MATH = YES;
				ONLY_ACTIVE_ARCH = YES;
				SDKROOT = iphoneos;
				SWIFT_ACTIVE_COMPILATION_CONDITIONS = DEBUG;
				SWIFT_OPTIMIZATION_LEVEL = "-Onone";
			};
			name = Debug;
		};
		79D23DF02710FC59003DBB07 /* Release */ = {
			isa = XCBuildConfiguration;
			buildSettings = {
				ALWAYS_SEARCH_USER_PATHS = NO;
				CLANG_ANALYZER_NONNULL = YES;
				CLANG_ANALYZER_NUMBER_OBJECT_CONVERSION = YES_AGGRESSIVE;
				CLANG_CXX_LANGUAGE_STANDARD = "gnu++14";
				CLANG_CXX_LIBRARY = "libc++";
				CLANG_ENABLE_MODULES = YES;
				CLANG_ENABLE_OBJC_ARC = YES;
				CLANG_ENABLE_OBJC_WEAK = YES;
				CLANG_WARN_BLOCK_CAPTURE_AUTORELEASING = YES;
				CLANG_WARN_BOOL_CONVERSION = YES;
				CLANG_WARN_COMMA = YES;
				CLANG_WARN_CONSTANT_CONVERSION = YES;
				CLANG_WARN_DEPRECATED_OBJC_IMPLEMENTATIONS = YES;
				CLANG_WARN_DIRECT_OBJC_ISA_USAGE = YES_ERROR;
				CLANG_WARN_DOCUMENTATION_COMMENTS = YES;
				CLANG_WARN_EMPTY_BODY = YES;
				CLANG_WARN_ENUM_CONVERSION = YES;
				CLANG_WARN_INFINITE_RECURSION = YES;
				CLANG_WARN_INT_CONVERSION = YES;
				CLANG_WARN_NON_LITERAL_NULL_CONVERSION = YES;
				CLANG_WARN_OBJC_IMPLICIT_RETAIN_SELF = YES;
				CLANG_WARN_OBJC_LITERAL_CONVERSION = YES;
				CLANG_WARN_OBJC_ROOT_CLASS = YES_ERROR;
				CLANG_WARN_QUOTED_INCLUDE_IN_FRAMEWORK_HEADER = YES;
				CLANG_WARN_RANGE_LOOP_ANALYSIS = YES;
				CLANG_WARN_STRICT_PROTOTYPES = YES;
				CLANG_WARN_SUSPICIOUS_MOVE = YES;
				CLANG_WARN_UNGUARDED_AVAILABILITY = YES_AGGRESSIVE;
				CLANG_WARN_UNREACHABLE_CODE = YES;
				CLANG_WARN__DUPLICATE_METHOD_MATCH = YES;
				COPY_PHASE_STRIP = NO;
				DEBUG_INFORMATION_FORMAT = "dwarf-with-dsym";
				ENABLE_NS_ASSERTIONS = NO;
				ENABLE_STRICT_OBJC_MSGSEND = YES;
				GCC_C_LANGUAGE_STANDARD = gnu11;
				GCC_NO_COMMON_BLOCKS = YES;
				GCC_WARN_64_TO_32_BIT_CONVERSION = YES;
				GCC_WARN_ABOUT_RETURN_TYPE = YES_ERROR;
				GCC_WARN_UNDECLARED_SELECTOR = YES;
				GCC_WARN_UNINITIALIZED_AUTOS = YES_AGGRESSIVE;
				GCC_WARN_UNUSED_FUNCTION = YES;
				GCC_WARN_UNUSED_VARIABLE = YES;
				IPHONEOS_DEPLOYMENT_TARGET = 14.4;
				MTL_ENABLE_DEBUG_INFO = NO;
				MTL_FAST_MATH = YES;
				SDKROOT = iphoneos;
				SWIFT_COMPILATION_MODE = wholemodule;
				SWIFT_OPTIMIZATION_LEVEL = "-O";
				VALIDATE_PRODUCT = YES;
			};
			name = Release;
		};
		79D23DF22710FC59003DBB07 /* Debug */ = {
			isa = XCBuildConfiguration;
			buildSettings = {
				ASSETCATALOG_COMPILER_APPICON_NAME = AppIcon;
				ASSETCATALOG_COMPILER_GLOBAL_ACCENT_COLOR_NAME = AccentColor;
				CODE_SIGN_STYLE = Automatic;
				DEVELOPMENT_TEAM = C23K8VGFDE;
				INFOPLIST_FILE = CleanSwiftCombineTemplate/Info.plist;
				LD_RUNPATH_SEARCH_PATHS = (
					"$(inherited)",
					"@executable_path/Frameworks",
				);
				PRODUCT_BUNDLE_IDENTIFIER = com.kefirtest.CleanSwiftCombineTemplate;
				PRODUCT_NAME = "$(TARGET_NAME)";
				SWIFT_VERSION = 5.0;
				TARGETED_DEVICE_FAMILY = "1,2";
			};
			name = Debug;
		};
		79D23DF32710FC59003DBB07 /* Release */ = {
			isa = XCBuildConfiguration;
			buildSettings = {
				ASSETCATALOG_COMPILER_APPICON_NAME = AppIcon;
				ASSETCATALOG_COMPILER_GLOBAL_ACCENT_COLOR_NAME = AccentColor;
				CODE_SIGN_STYLE = Automatic;
				DEVELOPMENT_TEAM = C23K8VGFDE;
				INFOPLIST_FILE = CleanSwiftCombineTemplate/Info.plist;
				LD_RUNPATH_SEARCH_PATHS = (
					"$(inherited)",
					"@executable_path/Frameworks",
				);
				PRODUCT_BUNDLE_IDENTIFIER = com.kefirtest.CleanSwiftCombineTemplate;
				PRODUCT_NAME = "$(TARGET_NAME)";
				SWIFT_VERSION = 5.0;
				TARGETED_DEVICE_FAMILY = "1,2";
			};
			name = Release;
		};
/* End XCBuildConfiguration section */

/* Begin XCConfigurationList section */
		79D23DD82710FC56003DBB07 /* Build configuration list for PBXProject "CleanSwiftCombineTemplate" */ = {
			isa = XCConfigurationList;
			buildConfigurations = (
				79D23DEF2710FC59003DBB07 /* Debug */,
				79D23DF02710FC59003DBB07 /* Release */,
			);
			defaultConfigurationIsVisible = 0;
			defaultConfigurationName = Release;
		};
		79D23DF12710FC59003DBB07 /* Build configuration list for PBXNativeTarget "CleanSwiftCombineTemplate" */ = {
			isa = XCConfigurationList;
			buildConfigurations = (
				79D23DF22710FC59003DBB07 /* Debug */,
				79D23DF32710FC59003DBB07 /* Release */,
			);
			defaultConfigurationIsVisible = 0;
			defaultConfigurationName = Release;
		};
/* End XCConfigurationList section */
	};
	rootObject = 79D23DD52710FC56003DBB07 /* Project object */;
}
